{
  "nodes": {
    "blank": {
      "locked": {
        "lastModified": 1625557891,
        "narHash": "sha256-O8/MWsPBGhhyPoPLHZAuoZiiHo9q6FLlEeIDEXuj6T4=",
        "owner": "divnix",
        "repo": "blank",
        "rev": "5a5d2684073d9f563072ed07c871d577a6c614a8",
        "type": "github"
      },
      "original": {
        "owner": "divnix",
        "repo": "blank",
        "type": "github"
      }
    },
    "crane": {
      "inputs": {
        "flake-compat": "flake-compat",
        "flake-utils": "flake-utils_2",
        "nixpkgs": [
          "std",
          "paisano-mdbook-preprocessor",
          "nixpkgs"
        ],
        "rust-overlay": "rust-overlay"
      },
      "locked": {
        "lastModified": 1676162383,
        "narHash": "sha256-krUCKdz7ebHlFYm/A7IbKDnj2ZmMMm3yIEQcooqm7+E=",
        "owner": "ipetkov",
        "repo": "crane",
        "rev": "6fb400ec631b22ccdbc7090b38207f7fb5cfb5f2",
        "type": "github"
      },
      "original": {
        "owner": "ipetkov",
        "repo": "crane",
        "type": "github"
      }
    },
    "devshell": {
      "inputs": {
        "flake-utils": [
          "std",
          "flake-utils"
        ],
        "nixpkgs": [
          "std",
          "nixpkgs"
        ]
      },
      "locked": {
        "lastModified": 1663445644,
        "narHash": "sha256-+xVlcK60x7VY1vRJbNUEAHi17ZuoQxAIH4S4iUFUGBA=",
        "owner": "numtide",
        "repo": "devshell",
        "rev": "e3dc3e21594fe07bdb24bdf1c8657acaa4cb8f66",
        "type": "github"
      },
      "original": {
        "owner": "numtide",
        "repo": "devshell",
        "type": "github"
      }
    },
    "devshell_2": {
      "inputs": {
        "nixpkgs": [
          "std",
          "paisano-mdbook-preprocessor",
          "nixpkgs"
        ],
        "systems": "systems"
      },
      "locked": {
        "lastModified": 1687173957,
        "narHash": "sha256-GOds2bAQcZ94fb9/Nl/aM+r+0wGSi4EKYuZYR8Dw4R8=",
        "owner": "numtide",
        "repo": "devshell",
        "rev": "2cf83bb31720fcc29a999aee28d6da101173e66a",
        "type": "github"
      },
      "original": {
        "owner": "numtide",
        "repo": "devshell",
        "type": "github"
      }
    },
    "dmerge": {
      "inputs": {
        "haumea": "haumea",
        "nixlib": "nixlib",
        "yants": [
          "std",
          "yants"
        ]
      },
      "locked": {
        "lastModified": 1686862774,
        "narHash": "sha256-ojGtRQ9pIOUrxsQEuEPerUkqIJEuod9hIflfNkY+9CE=",
        "owner": "divnix",
        "repo": "dmerge",
        "rev": "9f7f7a8349d33d7bd02e0f2b484b1f076e503a96",
        "type": "github"
      },
      "original": {
        "owner": "divnix",
        "ref": "0.2.1",
        "repo": "dmerge",
        "type": "github"
      }
    },
    "fenix": {
      "inputs": {
        "nixpkgs": "nixpkgs_2",
        "rust-analyzer-src": "rust-analyzer-src"
      },
      "locked": {
        "lastModified": 1677306201,
        "narHash": "sha256-VZ9x7qdTosFvVsrpgFHrtYfT6PU3yMIs7NRYn9ELapI=",
        "owner": "nix-community",
        "repo": "fenix",
        "rev": "0923f0c162f65ae40261ec940406049726cfeab4",
        "type": "github"
      },
      "original": {
        "owner": "nix-community",
        "repo": "fenix",
        "type": "github"
      }
    },
    "flake-compat": {
      "flake": false,
      "locked": {
        "lastModified": 1673956053,
        "narHash": "sha256-4gtG9iQuiKITOjNQQeQIpoIB6b16fm+504Ch3sNKLd8=",
        "owner": "edolstra",
        "repo": "flake-compat",
        "rev": "35bb57c0c8d8b62bbfd284272c928ceb64ddbde9",
        "type": "github"
      },
      "original": {
        "owner": "edolstra",
        "repo": "flake-compat",
        "type": "github"
      }
    },
    "flake-utils": {
      "locked": {
        "lastModified": 1659877975,
        "narHash": "sha256-zllb8aq3YO3h8B/U0/J1WBgAL8EX5yWf5pMj3G0NAmc=",
        "owner": "numtide",
        "repo": "flake-utils",
        "rev": "c0e246b9b83f637f4681389ecabcb2681b4f3af0",
        "type": "github"
      },
      "original": {
        "owner": "numtide",
        "repo": "flake-utils",
        "type": "github"
      }
    },
    "flake-utils_2": {
      "locked": {
        "lastModified": 1667395993,
        "narHash": "sha256-nuEHfE/LcWyuSWnS8t12N1wc105Qtau+/OdUAjtQ0rA=",
        "owner": "numtide",
        "repo": "flake-utils",
        "rev": "5aed5285a952e0b949eb3ba02c12fa4fcfef535f",
        "type": "github"
      },
      "original": {
        "owner": "numtide",
        "repo": "flake-utils",
        "type": "github"
      }
    },
    "flake-utils_3": {
      "locked": {
        "lastModified": 1653893745,
        "narHash": "sha256-0jntwV3Z8//YwuOjzhV2sgJJPt+HY6KhU7VZUL0fKZQ=",
        "owner": "numtide",
        "repo": "flake-utils",
        "rev": "1ed9fb1935d260de5fe1c2f7ee0ebaae17ed2fa1",
        "type": "github"
      },
      "original": {
        "owner": "numtide",
        "repo": "flake-utils",
        "type": "github"
      }
    },
    "haumea": {
      "inputs": {
        "nixpkgs": [
          "std",
          "dmerge",
          "nixlib"
        ]
      },
      "locked": {
        "lastModified": 1685133229,
        "narHash": "sha256-FePm/Gi9PBSNwiDFq3N+DWdfxFq0UKsVVTJS3cQPn94=",
        "owner": "nix-community",
        "repo": "haumea",
        "rev": "34dd58385092a23018748b50f9b23de6266dffc2",
        "type": "github"
      },
      "original": {
        "owner": "nix-community",
        "ref": "v0.2.2",
        "repo": "haumea",
        "type": "github"
      }
    },
    "incl": {
      "inputs": {
        "nixlib": [
          "std",
          "dmerge",
          "nixlib"
        ]
      },
      "locked": {
        "lastModified": 1693483555,
        "narHash": "sha256-Beq4WhSeH3jRTZgC1XopTSU10yLpK1nmMcnGoXO0XYo=",
        "owner": "divnix",
        "repo": "incl",
        "rev": "526751ad3d1e23b07944b14e3f6b7a5948d3007b",
        "type": "github"
      },
      "original": {
        "owner": "divnix",
        "repo": "incl",
        "type": "github"
      }
    },
    "n2c": {
      "inputs": {
        "flake-utils": [
          "std",
          "flake-utils"
        ],
        "nixpkgs": [
          "std",
          "nixpkgs"
        ]
      },
      "locked": {
        "lastModified": 1665039323,
        "narHash": "sha256-SAh3ZjFGsaCI8FRzXQyp56qcGdAqgKEfJWPCQ0Sr7tQ=",
        "owner": "nlewo",
        "repo": "nix2container",
        "rev": "b008fe329ffb59b67bf9e7b08ede6ee792f2741a",
        "type": "github"
      },
      "original": {
        "owner": "nlewo",
        "repo": "nix2container",
        "type": "github"
      }
    },
    "nixago": {
      "inputs": {
        "flake-utils": [
          "std",
          "flake-utils"
        ],
        "nixago-exts": [
          "std",
          "blank"
        ],
        "nixpkgs": [
          "std",
          "nixpkgs"
        ]
      },
      "locked": {
        "lastModified": 1661824785,
        "narHash": "sha256-/PnwdWoO/JugJZHtDUioQp3uRiWeXHUdgvoyNbXesz8=",
        "owner": "nix-community",
        "repo": "nixago",
        "rev": "8c1f9e5f1578d4b2ea989f618588d62a335083c3",
        "type": "github"
      },
      "original": {
        "owner": "nix-community",
        "repo": "nixago",
        "type": "github"
      }
    },
    "nixago_2": {
      "inputs": {
        "flake-utils": "flake-utils_3",
        "nixago-exts": [
          "std",
          "paisano-mdbook-preprocessor"
        ],
        "nixpkgs": [
          "std",
          "paisano-mdbook-preprocessor",
          "nixpkgs"
        ]
      },
      "locked": {
        "lastModified": 1687381756,
        "narHash": "sha256-IUMIlYfrvj7Yli4H2vvyig8HEPpfCeMaE6+kBGPzFyk=",
        "owner": "nix-community",
        "repo": "nixago",
        "rev": "dacceb10cace103b3e66552ec9719fa0d33c0dc9",
        "type": "github"
      },
      "original": {
        "owner": "nix-community",
        "repo": "nixago",
        "type": "github"
      }
    },
    "nixlib": {
      "locked": {
        "lastModified": 1719708727,
        "narHash": "sha256-XFNKtyirrGNdehpg7lMNm1skEcBApjqGhaHc/OI95HY=",
        "owner": "nix-community",
        "repo": "nixpkgs.lib",
        "rev": "1bba8a624b3b9d4f68db94fb63aaeb46039ce9e6",
        "type": "github"
      },
      "original": {
        "owner": "nix-community",
        "repo": "nixpkgs.lib",
        "type": "github"
      }
    },
    "nixpkgs": {
      "locked": {
        "lastModified": 1720181791,
        "narHash": "sha256-i4vJL12/AdyuQuviMMd1Hk2tsGt02hDNhA0Zj1m16N8=",
        "owner": "nixos",
        "repo": "nixpkgs",
        "rev": "4284c2b73c8bce4b46a6adf23e16d9e2ec8da4bb",
        "type": "github"
      },
      "original": {
        "owner": "nixos",
        "ref": "nixpkgs-unstable",
        "repo": "nixpkgs",
        "type": "github"
      }
    },
    "nixpkgs_2": {
      "locked": {
        "lastModified": 1677063315,
        "narHash": "sha256-qiB4ajTeAOVnVSAwCNEEkoybrAlA+cpeiBxLobHndE8=",
        "owner": "nixos",
        "repo": "nixpkgs",
        "rev": "988cc958c57ce4350ec248d2d53087777f9e1949",
        "type": "github"
      },
      "original": {
        "owner": "nixos",
        "ref": "nixos-unstable",
        "repo": "nixpkgs",
        "type": "github"
      }
    },
    "nosys": {
      "locked": {
        "lastModified": 1668010795,
        "narHash": "sha256-JBDVBnos8g0toU7EhIIqQ1If5m/nyBqtHhL3sicdPwI=",
        "owner": "divnix",
        "repo": "nosys",
        "rev": "feade0141487801c71ff55623b421ed535dbdefa",
        "type": "github"
      },
      "original": {
        "owner": "divnix",
        "repo": "nosys",
        "type": "github"
      }
    },
    "paisano": {
      "inputs": {
        "nixpkgs": [
          "std",
          "nixpkgs"
        ],
        "nosys": "nosys",
        "yants": [
          "std",
          "yants"
        ]
      },
      "locked": {
        "lastModified": 1686862844,
        "narHash": "sha256-m8l/HpRBJnZ3c0F1u0IyQ3nYGWE0R9V5kfORuqZPzgk=",
        "owner": "paisano-nix",
        "repo": "core",
        "rev": "6674b3d3577212c1eeecd30d62d52edbd000e726",
        "type": "github"
      },
      "original": {
        "owner": "paisano-nix",
        "ref": "0.1.1",
        "repo": "core",
        "type": "github"
      }
    },
    "paisano-mdbook-preprocessor": {
      "inputs": {
        "crane": "crane",
        "devshell": "devshell_2",
        "fenix": "fenix",
        "nixago": "nixago_2",
        "nixpkgs": [
          "std",
          "nixpkgs"
        ],
        "std": [
          "std"
        ]
      },
      "locked": {
        "lastModified": 1694819355,
        "narHash": "sha256-rUPXjsUNUjpd3c+2M0KtbMHrlZ1sDyAY6ASJZNk0TQE=",
        "owner": "paisano-nix",
        "repo": "mdbook-paisano-preprocessor",
        "rev": "f84fc450aaf4824b4d64d957349553c0f8acc243",
        "type": "github"
      },
      "original": {
        "owner": "paisano-nix",
        "repo": "mdbook-paisano-preprocessor",
        "type": "github"
      }
    },
    "paisano-tui": {
      "inputs": {
        "nixpkgs": [
          "std",
          "blank"
        ],
        "std": [
          "std"
        ]
      },
      "locked": {
        "lastModified": 1681847764,
        "narHash": "sha256-mdd7PJW1BZvxy0cIKsPfAO+ohVl/V7heE5ZTAHzTdv8=",
        "owner": "paisano-nix",
        "repo": "tui",
        "rev": "3096bad91cae73ab8ab3367d31f8a143d248a244",
        "type": "github"
      },
      "original": {
        "owner": "paisano-nix",
        "ref": "0.1.1",
        "repo": "tui",
        "type": "github"
      }
    },
    "root": {
      "inputs": {
        "nixpkgs": "nixpkgs",
        "std": "std"
      }
    },
    "rust-analyzer-src": {
      "flake": false,
      "locked": {
        "lastModified": 1677221702,
        "narHash": "sha256-1M+58rC4eTCWNmmX0hQVZP20t3tfYNunl9D/PrGUyGE=",
        "owner": "rust-lang",
        "repo": "rust-analyzer",
        "rev": "f5401f620699b26ed9d47a1d2e838143a18dbe3b",
        "type": "github"
      },
      "original": {
        "owner": "rust-lang",
        "ref": "nightly",
        "repo": "rust-analyzer",
        "type": "github"
      }
    },
    "rust-overlay": {
      "inputs": {
        "flake-utils": [
          "std",
          "paisano-mdbook-preprocessor",
          "crane",
          "flake-utils"
        ],
        "nixpkgs": [
          "std",
          "paisano-mdbook-preprocessor",
          "crane",
          "nixpkgs"
        ]
      },
      "locked": {
        "lastModified": 1675391458,
        "narHash": "sha256-ukDKZw922BnK5ohL9LhwtaDAdCsJL7L6ScNEyF1lO9w=",
        "owner": "oxalica",
        "repo": "rust-overlay",
        "rev": "383a4acfd11d778d5c2efcf28376cbd845eeaedf",
        "type": "github"
      },
      "original": {
        "owner": "oxalica",
        "repo": "rust-overlay",
        "type": "github"
      }
    },
    "std": {
      "inputs": {
        "arion": [
          "std",
          "blank"
        ],
        "blank": "blank",
        "devshell": "devshell",
        "dmerge": "dmerge",
        "flake-utils": "flake-utils",
        "incl": "incl",
        "makes": [
          "std",
          "blank"
        ],
        "microvm": [
          "std",
          "blank"
        ],
        "n2c": "n2c",
        "nixago": "nixago",
        "nixpkgs": [
          "nixpkgs"
        ],
        "paisano": "paisano",
        "paisano-mdbook-preprocessor": "paisano-mdbook-preprocessor",
        "paisano-tui": "paisano-tui",
        "yants": "yants"
      },
      "locked": {
        "lastModified": 1686877329,
        "narHash": "sha256-A/SU8KqlLP2MBuhi9wmt6gDhXyp+chCeDZ4OBxfSWBI=",
        "owner": "divnix",
        "repo": "std",
        "rev": "aa6d423b82b7b7c2a4545693dea9ed1db14676e7",
        "type": "github"
      },
      "original": {
        "owner": "divnix",
        "ref": "v0.23.2",
        "repo": "std",
        "type": "github"
      }
    },
    "systems": {
      "locked": {
        "lastModified": 1681028828,
        "narHash": "sha256-Vy1rq5AaRuLzOxct8nz4T6wlgyUR7zLU309k9mBC768=",
        "owner": "nix-systems",
        "repo": "default",
        "rev": "da67096a3b9bf56a91d16901293e51ba5b49a27e",
        "type": "github"
      },
      "original": {
        "owner": "nix-systems",
        "repo": "default",
        "type": "github"
      }
    },
    "yants": {
      "inputs": {
        "nixpkgs": [
          "std",
          "dmerge",
          "nixlib"
        ]
      },
      "locked": {
        "lastModified": 1660507851,
        "narHash": "sha256-BKjq7JnVuUR/xDtcv6Vm9GYGKAblisXrAgybor9hT/s=",
        "owner": "divnix",
        "repo": "yants",
        "rev": "0b895ca02a8fa72bad50b454cb3e7d8a66407c96",
        "type": "github"
      },
      "original": {
        "owner": "divnix",
        "repo": "yants",
        "type": "github"
      }
    }
  },
  "root": "root",
  "version": 7
}
